# generated by rye
# use `rye lock` or `rye sync` to update this lockfile
#
# last locked with the following flags:
#   pre: false
#   features: []
#   all-features: false
#   with-sources: false
#   generate-hashes: false
#   universal: false

-e file:.
antlr4-python3-runtime==4.9.3
    # via hydra-core
    # via omegaconf
attrs==24.2.0
    # via jsonlines
boto3==1.35.24
    # via dr-util
botocore==1.35.24
    # via boto3
    # via s3transfer
dr-util @ git+https://github.com/drothermel/dr_util.git@45f13af3f9c8941580993e3f48c04198c913e075
    # via roam-man
faker==29.0.0
    # via roam-man
feedparser==6.0.11
    # via roam-man
hydra-core==1.3.0
    # via dr-util
jmespath==1.0.1
    # via boto3
    # via botocore
jsonlines==4.0.0
    # via dr-util
loguru==0.7.2
    # via dr-util
numpy==2.1.0
    # via dr-util
omegaconf==2.3.0
    # via dr-util
    # via hydra-core
packaging==24.1
    # via hydra-core
python-dateutil==2.9.0.post0
    # via botocore
    # via faker
pyyaml==6.0.2
    # via omegaconf
s3transfer==0.10.2
    # via boto3
sgmllib3k==1.0.0
    # via feedparser
six==1.16.0
    # via python-dateutil
urllib3==2.2.3
    # via botocore
